
Microsoft Visual Studio Solution File, Format Version 12.00
# Visual Studio 15
VisualStudioVersion = 15.0.28010.2050
MinimumVisualStudioVersion = 10.0.40219.1
Project("{FAE04EC0-301F-11D3-BF4B-00C04F79EFBC}") = "Shartash", "Shartash\Shartash.csproj", "{A1FAB2E7-0D46-4244-88C0-08EE972E06B8}"
EndProject
Global
	GlobalSection(SolutionConfigurationPlatforms) = preSolution
		Debug|Any CPU = Debug|Any CPU
		Release|Any CPU = Release|Any CPU
	EndGlobalSection
	GlobalSection(ProjectConfigurationPlatforms) = postSolution
		{A1FAB2E7-0D46-4244-88C0-08EE972E06B8}.Debug|Any CPU.ActiveCfg = Debug|Any CPU
		{A1FAB2E7-0D46-4244-88C0-08EE972E06B8}.Debug|Any CPU.Build.0 = Debug|Any CPU
		{A1FAB2E7-0D46-4244-88C0-08EE972E06B8}.Release|Any CPU.ActiveCfg = Release|Any CPU
		{A1FAB2E7-0D46-4244-88C0-08EE972E06B8}.Release|Any CPU.Build.0 = Release|Any CPU
	EndGlobalSection
	GlobalSection(SolutionProperties) = preSolution
		HideSolutionNode = FALSE
	EndGlobalSection
	GlobalSection(ExtensibilityGlobals) = postSolution
		SolutionGuid = {727C4C52-F7D6-4059-82F9-58EC1AF0F6F5}
	EndGlobalSection
EndGlobal
